
Microsoft Visual Studio Solution File, Format Version 12.00
# Visual Studio Version 17
VisualStudioVersion = 17.8.34330.188
MinimumVisualStudioVersion = 10.0.40219.1
Project("{FAE04EC0-301F-11D3-BF4B-00C04F79EFBC}") = "SchoolDataSystem", "SchoolDataSystem\SchoolDataSystem.csproj", "{65BA21C4-4A30-4E23-991F-ED61CCA1B4EA}"
EndProject
Global
	GlobalSection(SolutionConfigurationPlatforms) = preSolution
		Debug|Any CPU = Debug|Any CPU
		Release|Any CPU = Release|Any CPU
	EndGlobalSection
	GlobalSection(ProjectConfigurationPlatforms) = postSolution
		{65BA21C4-4A30-4E23-991F-ED61CCA1B4EA}.Debug|Any CPU.ActiveCfg = Debug|Any CPU
		{65BA21C4-4A30-4E23-991F-ED61CCA1B4EA}.Debug|Any CPU.Build.0 = Debug|Any CPU
		{65BA21C4-4A30-4E23-991F-ED61CCA1B4EA}.Release|Any CPU.ActiveCfg = Release|Any CPU
		{65BA21C4-4A30-4E23-991F-ED61CCA1B4EA}.Release|Any CPU.Build.0 = Release|Any CPU
	EndGlobalSection
	GlobalSection(SolutionProperties) = preSolution
		HideSolutionNode = FALSE
	EndGlobalSection
	GlobalSection(ExtensibilityGlobals) = postSolution
		SolutionGuid = {B80A9951-C9E7-4814-8B02-737DB8108FCF}
	EndGlobalSection
EndGlobal
